
Microsoft Visual Studio Solution File, Format Version 12.00
# Visual Studio Version 17
VisualStudioVersion = 17.1.32414.318
MinimumVisualStudioVersion = 10.0.40219.1
Project("{FAE04EC0-301F-11D3-BF4B-00C04F79EFBC}") = "PropertyChanged.Android", "PropertyChanged\PropertyChanged.Android\PropertyChanged.Android.csproj", "{8655C630-E9B0-4E5E-8ECD-F67661A0D140}"
EndProject
Project("{9A19103F-16F7-4668-BE54-9A1E7A4F7556}") = "PropertyChanged", "PropertyChanged\PropertyChanged\PropertyChanged.csproj", "{CA25C24B-D323-4B3D-A3D0-CC413EFBCAEA}"
EndProject
Global
	GlobalSection(SolutionConfigurationPlatforms) = preSolution
		Debug|Any CPU = Debug|Any CPU
		Release|Any CPU = Release|Any CPU
	EndGlobalSection
	GlobalSection(ProjectConfigurationPlatforms) = postSolution
		{8655C630-E9B0-4E5E-8ECD-F67661A0D140}.Debug|Any CPU.ActiveCfg = Debug|Any CPU
		{8655C630-E9B0-4E5E-8ECD-F67661A0D140}.Debug|Any CPU.Build.0 = Debug|Any CPU
		{8655C630-E9B0-4E5E-8ECD-F67661A0D140}.Debug|Any CPU.Deploy.0 = Debug|Any CPU
		{8655C630-E9B0-4E5E-8ECD-F67661A0D140}.Release|Any CPU.ActiveCfg = Release|Any CPU
		{8655C630-E9B0-4E5E-8ECD-F67661A0D140}.Release|Any CPU.Build.0 = Release|Any CPU
		{8655C630-E9B0-4E5E-8ECD-F67661A0D140}.Release|Any CPU.Deploy.0 = Release|Any CPU
		{CA25C24B-D323-4B3D-A3D0-CC413EFBCAEA}.Debug|Any CPU.ActiveCfg = Debug|Any CPU
		{CA25C24B-D323-4B3D-A3D0-CC413EFBCAEA}.Debug|Any CPU.Build.0 = Debug|Any CPU
		{CA25C24B-D323-4B3D-A3D0-CC413EFBCAEA}.Debug|Any CPU.Deploy.0 = Debug|Any CPU
		{CA25C24B-D323-4B3D-A3D0-CC413EFBCAEA}.Release|Any CPU.ActiveCfg = Release|Any CPU
		{CA25C24B-D323-4B3D-A3D0-CC413EFBCAEA}.Release|Any CPU.Build.0 = Release|Any CPU
		{CA25C24B-D323-4B3D-A3D0-CC413EFBCAEA}.Release|Any CPU.Deploy.0 = Release|Any CPU
	EndGlobalSection
	GlobalSection(SolutionProperties) = preSolution
		HideSolutionNode = FALSE
	EndGlobalSection
	GlobalSection(ExtensibilityGlobals) = postSolution
		SolutionGuid = {40897DCA-32D9-4DB3-A967-62C4A9481C80}
	EndGlobalSection
EndGlobal
